{
  "version": 4,
  "terraform_version": "1.5.4",
  "serial": 104,
  "lineage": "c0a244ee-1fc7-23bb-b2ee-8a068debddaf",
  "outputs": {
    "account_ids": {
      "value": {
        "deployment": "382354460930",
        "development": "519634537828",
        "logging": "368649255328",
        "management": "541940923338",
        "security": "288485522557",
        "shared-services": "607231369059"
      },
      "type": [
        "object",
        {
          "deployment": "string",
          "development": "string",
          "logging": "string",
          "management": "string",
          "security": "string",
          "shared-services": "string"
        }
      ]
    },
    "crossaccount_assume_from_deployment_account_policy_json": {
      "value": "{\n  \"Version\": \"2012-10-17\",\n  \"Statement\": [\n    {\n      \"Sid\": \"AssumeFromDeploymentAccount\",\n      \"Effect\": \"Allow\",\n      \"Action\": \"sts:AssumeRole\",\n      \"Principal\": {\n        \"AWS\": \"382354460930\"\n      }\n    }\n  ]\n}",
      "type": "string"
    },
    "deployment_terraform_deploy_role_policy_arn": {
      "value": "arn:aws:iam::382354460930:policy/CoreDeploymentAccountTerraformDeploymentRoleAccess",
      "type": "string"
    },
    "development_terraform_deploy_role_policy_arn": {
      "value": "arn:aws:iam::382354460930:policy/CoreDevelopmentAccountTerraformDeploymentRoleAccess",
      "type": "string"
    },
    "logging_terraform_deploy_role_policy_arn": {
      "value": "arn:aws:iam::382354460930:policy/CoreLoggingAccountTerraformDeploymentRoleAccess",
      "type": "string"
    },
    "management_terraform_deploy_role_policy_arn": {
      "value": "arn:aws:iam::382354460930:policy/ManagementTerraformDeploymentRoleAccess",
      "type": "string"
    },
    "security_terraform_deploy_role_policy_arn": {
      "value": "arn:aws:iam::382354460930:policy/CoreSecurityAccountTerraformDeploymentRoleAccess",
      "type": "string"
    },
    "shared_services_terraform_deploy_role_policy_arn": {
      "value": "arn:aws:iam::382354460930:policy/CoreSharedServicesAccountTerraformDeploymentRoleAccess",
      "type": "string"
    },
    "terraform_admin_role_policy_arn": {
      "value": "arn:aws:iam::382354460930:policy/CoreDeploymentAccountTerraformAdministratorRoleAccess",
      "type": "string"
    },
    "terraform_reader_role_policy_arn": {
      "value": "arn:aws:iam::382354460930:policy/CoreDeploymentAccountTerraformReaderRoleAccess",
      "type": "string"
    }
  },
  "resources": [
    {
      "mode": "data",
      "type": "aws_caller_identity",
      "name": "current",
      "provider": "provider[\"registry.terraform.io/hashicorp/aws\"]",
      "instances": [
        {
          "schema_version": 0,
          "attributes": {
            "account_id": "541940923338",
            "arn": "arn:aws:iam::541940923338:user/terraform-init",
            "id": "541940923338",
            "user_id": "AIDAX4LRSHPFNLGLYTEVI"
          },
          "sensitive_attributes": []
        }
      ]
    },
    {
      "mode": "data",
      "type": "aws_iam_policy_document",
      "name": "crossaccount_assume_from_deployment_account",
      "provider": "provider[\"registry.terraform.io/hashicorp/aws\"]",
      "instances": [
        {
          "schema_version": 0,
          "attributes": {
            "id": "3528651505",
            "json": "{\n  \"Version\": \"2012-10-17\",\n  \"Statement\": [\n    {\n      \"Sid\": \"AssumeFromDeploymentAccount\",\n      \"Effect\": \"Allow\",\n      \"Action\": \"sts:AssumeRole\",\n      \"Principal\": {\n        \"AWS\": \"382354460930\"\n      }\n    }\n  ]\n}",
            "override_json": null,
            "override_policy_documents": null,
            "policy_id": null,
            "source_json": null,
            "source_policy_documents": null,
            "statement": [
              {
                "actions": [
                  "sts:AssumeRole"
                ],
                "condition": [],
                "effect": "Allow",
                "not_actions": [],
                "not_principals": [],
                "not_resources": [],
                "principals": [
                  {
                    "identifiers": [
                      "382354460930"
                    ],
                    "type": "AWS"
                  }
                ],
                "resources": [],
                "sid": "AssumeFromDeploymentAccount"
              }
            ],
            "version": "2012-10-17"
          },
          "sensitive_attributes": []
        }
      ]
    },
    {
      "mode": "data",
      "type": "aws_iam_policy_document",
      "name": "terraform_admin",
      "provider": "provider[\"registry.terraform.io/hashicorp/aws\"]",
      "instances": [
        {
          "schema_version": 0,
          "attributes": {
            "id": "1296991557",
            "json": "{\n  \"Version\": \"2012-10-17\",\n  \"Statement\": [\n    {\n      \"Sid\": \"AllowS3ActionsOnTerraformBucket\",\n      \"Effect\": \"Allow\",\n      \"Action\": \"s3:*\",\n      \"Resource\": [\n        \"arn:aws:s3:::businesswatcher-iac-eu-central-1-deployment-terraform-state/*\",\n        \"arn:aws:s3:::businesswatcher-iac-eu-central-1-deployment-terraform-state\"\n      ]\n    },\n    {\n      \"Sid\": \"AllowCreateAndUpdateDynamoDBActionsOnTerraformLockTable\",\n      \"Effect\": \"Allow\",\n      \"Action\": [\n        \"dynamodb:PutItem\",\n        \"dynamodb:GetItem\",\n        \"dynamodb:DescribeTable\",\n        \"dynamodb:DeleteItem\",\n        \"dynamodb:CreateTable\"\n      ],\n      \"Resource\": \"arn:aws:dynamodb:*:382354460930:table/TerraformLock\"\n    },\n    {\n      \"Sid\": \"AllowTagAndUntagDynamoDBActions\",\n      \"Effect\": \"Allow\",\n      \"Action\": [\n        \"dynamodb:UntagResource\",\n        \"dynamodb:TagResource\"\n      ],\n      \"Resource\": \"*\"\n    }\n  ]\n}",
            "override_json": null,
            "override_policy_documents": null,
            "policy_id": null,
            "source_json": null,
            "source_policy_documents": null,
            "statement": [
              {
                "actions": [
                  "s3:*"
                ],
                "condition": [],
                "effect": "Allow",
                "not_actions": [],
                "not_principals": [],
                "not_resources": [],
                "principals": [],
                "resources": [
                  "arn:aws:s3:::businesswatcher-iac-eu-central-1-deployment-terraform-state",
                  "arn:aws:s3:::businesswatcher-iac-eu-central-1-deployment-terraform-state/*"
                ],
                "sid": "AllowS3ActionsOnTerraformBucket"
              },
              {
                "actions": [
                  "dynamodb:CreateTable",
                  "dynamodb:DeleteItem",
                  "dynamodb:DescribeTable",
                  "dynamodb:GetItem",
                  "dynamodb:PutItem"
                ],
                "condition": [],
                "effect": "Allow",
                "not_actions": [],
                "not_principals": [],
                "not_resources": [],
                "principals": [],
                "resources": [
                  "arn:aws:dynamodb:*:382354460930:table/TerraformLock"
                ],
                "sid": "AllowCreateAndUpdateDynamoDBActionsOnTerraformLockTable"
              },
              {
                "actions": [
                  "dynamodb:TagResource",
                  "dynamodb:UntagResource"
                ],
                "condition": [],
                "effect": "Allow",
                "not_actions": [],
                "not_principals": [],
                "not_resources": [],
                "principals": [],
                "resources": [
                  "*"
                ],
                "sid": "AllowTagAndUntagDynamoDBActions"
              }
            ],
            "version": "2012-10-17"
          },
          "sensitive_attributes": []
        }
      ]
    },
    {
      "mode": "data",
      "type": "aws_iam_policy_document",
      "name": "terraform_reader",
      "provider": "provider[\"registry.terraform.io/hashicorp/aws\"]",
      "instances": [
        {
          "schema_version": 0,
          "attributes": {
            "id": "1968891990",
            "json": "{\n  \"Version\": \"2012-10-17\",\n  \"Statement\": [\n    {\n      \"Sid\": \"AllowListS3ActionsOnTerraformBucket\",\n      \"Effect\": \"Allow\",\n      \"Action\": \"s3:ListBucket\",\n      \"Resource\": \"arn:aws:s3:::businesswatcher-iac-eu-central-1-deployment-terraform-state\"\n    },\n    {\n      \"Sid\": \"AllowGetS3ActionsOnTerraformBucketPath\",\n      \"Effect\": \"Allow\",\n      \"Action\": \"s3:GetObject\",\n      \"Resource\": \"arn:aws:s3:::businesswatcher-iac-eu-central-1-deployment-terraform-state/*\"\n    }\n  ]\n}",
            "override_json": null,
            "override_policy_documents": null,
            "policy_id": null,
            "source_json": null,
            "source_policy_documents": null,
            "statement": [
              {
                "actions": [
                  "s3:ListBucket"
                ],
                "condition": [],
                "effect": "Allow",
                "not_actions": [],
                "not_principals": [],
                "not_resources": [],
                "principals": [],
                "resources": [
                  "arn:aws:s3:::businesswatcher-iac-eu-central-1-deployment-terraform-state"
                ],
                "sid": "AllowListS3ActionsOnTerraformBucket"
              },
              {
                "actions": [
                  "s3:GetObject"
                ],
                "condition": [],
                "effect": "Allow",
                "not_actions": [],
                "not_principals": [],
                "not_resources": [],
                "principals": [],
                "resources": [
                  "arn:aws:s3:::businesswatcher-iac-eu-central-1-deployment-terraform-state/*"
                ],
                "sid": "AllowGetS3ActionsOnTerraformBucketPath"
              }
            ],
            "version": "2012-10-17"
          },
          "sensitive_attributes": []
        }
      ]
    },
    {
      "mode": "managed",
      "type": "aws_iam_policy",
      "name": "terraform_admin",
      "provider": "provider[\"registry.terraform.io/hashicorp/aws\"].assume_deployment",
      "instances": [
        {
          "schema_version": 0,
          "attributes": {
            "arn": "arn:aws:iam::382354460930:policy/TerraformAdminAccess",
            "description": "Grants permissions needed by Terraform to manage Terraform remote state",
            "id": "arn:aws:iam::382354460930:policy/TerraformAdminAccess",
            "name": "TerraformAdminAccess",
            "name_prefix": null,
            "path": "/",
            "policy": "{\"Statement\":[{\"Action\":\"s3:*\",\"Effect\":\"Allow\",\"Resource\":[\"arn:aws:s3:::businesswatcher-iac-eu-central-1-deployment-terraform-state/*\",\"arn:aws:s3:::businesswatcher-iac-eu-central-1-deployment-terraform-state\"],\"Sid\":\"AllowS3ActionsOnTerraformBucket\"},{\"Action\":[\"dynamodb:PutItem\",\"dynamodb:GetItem\",\"dynamodb:DescribeTable\",\"dynamodb:DeleteItem\",\"dynamodb:CreateTable\"],\"Effect\":\"Allow\",\"Resource\":\"arn:aws:dynamodb:*:382354460930:table/TerraformLock\",\"Sid\":\"AllowCreateAndUpdateDynamoDBActionsOnTerraformLockTable\"},{\"Action\":[\"dynamodb:UntagResource\",\"dynamodb:TagResource\"],\"Effect\":\"Allow\",\"Resource\":\"*\",\"Sid\":\"AllowTagAndUntagDynamoDBActions\"}],\"Version\":\"2012-10-17\"}",
            "policy_id": "ANPAVSBQ2CEBDQWNWH4X7",
            "tags": {
              "Environment": "eu-central-1",
              "Name": "businesswatcher-eu-central-1-iac",
              "Namespace": "businesswatcher"
            },
            "tags_all": {
              "Environment": "eu-central-1",
              "Name": "businesswatcher-eu-central-1-iac",
              "Namespace": "businesswatcher"
            }
          },
          "sensitive_attributes": [],
          "private": "bnVsbA==",
          "dependencies": [
            "aws_organizations_account.deployment",
            "aws_organizations_organization.org",
            "aws_organizations_organizational_unit.deployment",
            "data.aws_iam_policy_document.terraform_admin"
          ]
        }
      ]
    },
    {
      "mode": "managed",
      "type": "aws_iam_policy",
      "name": "terraform_reader",
      "provider": "provider[\"registry.terraform.io/hashicorp/aws\"].assume_deployment",
      "instances": [
        {
          "schema_version": 0,
          "attributes": {
            "arn": "arn:aws:iam::382354460930:policy/TerraformReadAccess",
            "description": "Grants permissions to read Terraform remote state",
            "id": "arn:aws:iam::382354460930:policy/TerraformReadAccess",
            "name": "TerraformReadAccess",
            "name_prefix": null,
            "path": "/",
            "policy": "{\"Statement\":[{\"Action\":\"s3:ListBucket\",\"Effect\":\"Allow\",\"Resource\":\"arn:aws:s3:::businesswatcher-iac-eu-central-1-deployment-terraform-state\",\"Sid\":\"AllowListS3ActionsOnTerraformBucket\"},{\"Action\":\"s3:GetObject\",\"Effect\":\"Allow\",\"Resource\":\"arn:aws:s3:::businesswatcher-iac-eu-central-1-deployment-terraform-state/*\",\"Sid\":\"AllowGetS3ActionsOnTerraformBucketPath\"}],\"Version\":\"2012-10-17\"}",
            "policy_id": "ANPAVSBQ2CEBMPVH6EYX2",
            "tags": {
              "Environment": "eu-central-1",
              "Name": "businesswatcher-eu-central-1-iac",
              "Namespace": "businesswatcher"
            },
            "tags_all": {
              "Environment": "eu-central-1",
              "Name": "businesswatcher-eu-central-1-iac",
              "Namespace": "businesswatcher"
            }
          },
          "sensitive_attributes": [],
          "private": "bnVsbA==",
          "dependencies": [
            "aws_organizations_account.deployment",
            "aws_organizations_organization.org",
            "aws_organizations_organizational_unit.deployment",
            "data.aws_iam_policy_document.terraform_reader"
          ]
        }
      ]
    },
    {
      "mode": "managed",
      "type": "aws_organizations_account",
      "name": "deployment",
      "provider": "provider[\"registry.terraform.io/hashicorp/aws\"]",
      "instances": [
        {
          "schema_version": 0,
          "attributes": {
            "arn": "arn:aws:organizations::541940923338:account/o-yochtpy7rh/382354460930",
            "close_on_deletion": false,
            "create_govcloud": false,
            "email": "businesswatcheraws.deployment@gmail.com",
            "govcloud_id": "",
            "iam_user_access_to_billing": null,
            "id": "382354460930",
            "joined_method": "CREATED",
            "joined_timestamp": "2023-07-23T14:21:55Z",
            "name": "Core Deployment Account",
            "parent_id": "ou-z09p-v6x8aqe7",
            "role_name": null,
            "status": "ACTIVE",
            "tags": {},
            "tags_all": {}
          },
          "sensitive_attributes": [],
          "private": "bnVsbA==",
          "dependencies": [
            "aws_organizations_organization.org",
            "aws_organizations_organizational_unit.deployment"
          ]
        }
      ]
    },
    {
      "mode": "managed",
      "type": "aws_organizations_account",
      "name": "development",
      "provider": "provider[\"registry.terraform.io/hashicorp/aws\"]",
      "instances": [
        {
          "schema_version": 0,
          "attributes": {
            "arn": "arn:aws:organizations::541940923338:account/o-yochtpy7rh/519634537828",
            "close_on_deletion": false,
            "create_govcloud": false,
            "email": "businesswatcheraws.development@protonmail.com",
            "govcloud_id": "",
            "iam_user_access_to_billing": null,
            "id": "519634537828",
            "joined_method": "CREATED",
            "joined_timestamp": "2023-07-23T14:21:57Z",
            "name": "Core Development Account",
            "parent_id": "ou-z09p-ammkuyi9",
            "role_name": null,
            "status": "ACTIVE",
            "tags": {},
            "tags_all": {}
          },
          "sensitive_attributes": [],
          "private": "bnVsbA==",
          "dependencies": [
            "aws_organizations_organization.org",
            "aws_organizations_organizational_unit.sandbox"
          ]
        }
      ]
    },
    {
      "mode": "managed",
      "type": "aws_organizations_account",
      "name": "logging",
      "provider": "provider[\"registry.terraform.io/hashicorp/aws\"]",
      "instances": [
        {
          "schema_version": 0,
          "attributes": {
            "arn": "arn:aws:organizations::541940923338:account/o-yochtpy7rh/368649255328",
            "close_on_deletion": false,
            "create_govcloud": false,
            "email": "businesswatcheraws.logging@protonmail.com",
            "govcloud_id": "",
            "iam_user_access_to_billing": null,
            "id": "368649255328",
            "joined_method": "CREATED",
            "joined_timestamp": "2023-07-23T14:21:06Z",
            "name": "Core Logging Account",
            "parent_id": "ou-z09p-3a1aj3w7",
            "role_name": null,
            "status": "ACTIVE",
            "tags": {},
            "tags_all": {}
          },
          "sensitive_attributes": [],
          "private": "bnVsbA==",
          "dependencies": [
            "aws_organizations_organization.org",
            "aws_organizations_organizational_unit.security"
          ]
        }
      ]
    },
    {
      "mode": "managed",
      "type": "aws_organizations_account",
      "name": "security",
      "provider": "provider[\"registry.terraform.io/hashicorp/aws\"]",
      "instances": [
        {
          "schema_version": 0,
          "attributes": {
            "arn": "arn:aws:organizations::541940923338:account/o-yochtpy7rh/288485522557",
            "close_on_deletion": false,
            "create_govcloud": false,
            "email": "businesswatcheraws.sec@gmail.com",
            "govcloud_id": "",
            "iam_user_access_to_billing": null,
            "id": "288485522557",
            "joined_method": "CREATED",
            "joined_timestamp": "2023-07-23T14:22:21Z",
            "name": "Core Security Account",
            "parent_id": "ou-z09p-3a1aj3w7",
            "role_name": null,
            "status": "ACTIVE",
            "tags": {},
            "tags_all": {}
          },
          "sensitive_attributes": [],
          "private": "bnVsbA==",
          "dependencies": [
            "aws_organizations_organization.org",
            "aws_organizations_organizational_unit.security"
          ]
        }
      ]
    },
    {
      "mode": "managed",
      "type": "aws_organizations_account",
      "name": "shared_services",
      "provider": "provider[\"registry.terraform.io/hashicorp/aws\"]",
      "instances": [
        {
          "schema_version": 0,
          "attributes": {
            "arn": "arn:aws:organizations::541940923338:account/o-yochtpy7rh/607231369059",
            "close_on_deletion": false,
            "create_govcloud": false,
            "email": "businesswatcheraws.shared-services@protonmail.com",
            "govcloud_id": "",
            "iam_user_access_to_billing": null,
            "id": "607231369059",
            "joined_method": "CREATED",
            "joined_timestamp": "2023-07-23T14:20:58Z",
            "name": "Core Shared Services Account",
            "parent_id": "ou-z09p-2dmarfz2",
            "role_name": null,
            "status": "ACTIVE",
            "tags": {},
            "tags_all": {}
          },
          "sensitive_attributes": [],
          "private": "bnVsbA==",
          "dependencies": [
            "aws_organizations_organization.org",
            "aws_organizations_organizational_unit.infrastructure"
          ]
        }
      ]
    },
    {
      "mode": "managed",
      "type": "aws_organizations_organization",
      "name": "org",
      "provider": "provider[\"registry.terraform.io/hashicorp/aws\"]",
      "instances": [
        {
          "schema_version": 0,
          "attributes": {
            "accounts": [
              {
                "arn": "arn:aws:organizations::541940923338:account/o-yochtpy7rh/368649255328",
                "email": "businesswatcheraws.logging@protonmail.com",
                "id": "368649255328",
                "name": "Core Logging Account",
                "status": "ACTIVE"
              },
              {
                "arn": "arn:aws:organizations::541940923338:account/o-yochtpy7rh/607231369059",
                "email": "businesswatcheraws.shared-services@protonmail.com",
                "id": "607231369059",
                "name": "Core Shared Services Account",
                "status": "ACTIVE"
              },
              {
                "arn": "arn:aws:organizations::541940923338:account/o-yochtpy7rh/288485522557",
                "email": "businesswatcheraws.sec@gmail.com",
                "id": "288485522557",
                "name": "Core Security Account",
                "status": "ACTIVE"
              },
              {
                "arn": "arn:aws:organizations::541940923338:account/o-yochtpy7rh/382354460930",
                "email": "businesswatcheraws.deployment@gmail.com",
                "id": "382354460930",
                "name": "Core Deployment Account",
                "status": "ACTIVE"
              },
              {
                "arn": "arn:aws:organizations::541940923338:account/o-yochtpy7rh/519634537828",
                "email": "businesswatcheraws.development@protonmail.com",
                "id": "519634537828",
                "name": "Core Development Account",
                "status": "ACTIVE"
              },
              {
                "arn": "arn:aws:organizations::541940923338:account/o-yochtpy7rh/541940923338",
                "email": "businesswatcherhunawsroot@gmail.com",
                "id": "541940923338",
                "name": "businesswatcherhunawsroot",
                "status": "ACTIVE"
              }
            ],
            "arn": "arn:aws:organizations::541940923338:organization/o-yochtpy7rh",
            "aws_service_access_principals": [
              "cloudtrail.amazonaws.com",
              "sso.amazonaws.com"
            ],
            "enabled_policy_types": [
              "SERVICE_CONTROL_POLICY"
            ],
            "feature_set": "ALL",
            "id": "o-yochtpy7rh",
            "master_account_arn": "arn:aws:organizations::541940923338:account/o-yochtpy7rh/541940923338",
            "master_account_email": "businesswatcherhunawsroot@gmail.com",
            "master_account_id": "541940923338",
            "non_master_accounts": [
              {
                "arn": "arn:aws:organizations::541940923338:account/o-yochtpy7rh/368649255328",
                "email": "businesswatcheraws.logging@protonmail.com",
                "id": "368649255328",
                "name": "Core Logging Account",
                "status": "ACTIVE"
              },
              {
                "arn": "arn:aws:organizations::541940923338:account/o-yochtpy7rh/607231369059",
                "email": "businesswatcheraws.shared-services@protonmail.com",
                "id": "607231369059",
                "name": "Core Shared Services Account",
                "status": "ACTIVE"
              },
              {
                "arn": "arn:aws:organizations::541940923338:account/o-yochtpy7rh/288485522557",
                "email": "businesswatcheraws.sec@gmail.com",
                "id": "288485522557",
                "name": "Core Security Account",
                "status": "ACTIVE"
              },
              {
                "arn": "arn:aws:organizations::541940923338:account/o-yochtpy7rh/382354460930",
                "email": "businesswatcheraws.deployment@gmail.com",
                "id": "382354460930",
                "name": "Core Deployment Account",
                "status": "ACTIVE"
              },
              {
                "arn": "arn:aws:organizations::541940923338:account/o-yochtpy7rh/519634537828",
                "email": "businesswatcheraws.development@protonmail.com",
                "id": "519634537828",
                "name": "Core Development Account",
                "status": "ACTIVE"
              }
            ],
            "roots": [
              {
                "arn": "arn:aws:organizations::541940923338:root/o-yochtpy7rh/r-z09p",
                "id": "r-z09p",
                "name": "Root",
                "policy_types": [
                  {
                    "status": "ENABLED",
                    "type": "SERVICE_CONTROL_POLICY"
                  }
                ]
              }
            ]
          },
          "sensitive_attributes": [],
          "private": "bnVsbA=="
        }
      ]
    },
    {
      "mode": "managed",
      "type": "aws_organizations_organizational_unit",
      "name": "deployment",
      "provider": "provider[\"registry.terraform.io/hashicorp/aws\"]",
      "instances": [
        {
          "schema_version": 0,
          "attributes": {
            "accounts": [
              {
                "arn": "arn:aws:organizations::541940923338:account/o-yochtpy7rh/382354460930",
                "email": "businesswatcheraws.deployment@gmail.com",
                "id": "382354460930",
                "name": "Core Deployment Account"
              }
            ],
            "arn": "arn:aws:organizations::541940923338:ou/o-yochtpy7rh/ou-z09p-v6x8aqe7",
            "id": "ou-z09p-v6x8aqe7",
            "name": "Deployment",
            "parent_id": "r-z09p",
            "tags": {},
            "tags_all": {}
          },
          "sensitive_attributes": [],
          "private": "bnVsbA==",
          "dependencies": [
            "aws_organizations_organization.org"
          ]
        }
      ]
    },
    {
      "mode": "managed",
      "type": "aws_organizations_organizational_unit",
      "name": "infrastructure",
      "provider": "provider[\"registry.terraform.io/hashicorp/aws\"]",
      "instances": [
        {
          "schema_version": 0,
          "attributes": {
            "accounts": [
              {
                "arn": "arn:aws:organizations::541940923338:account/o-yochtpy7rh/607231369059",
                "email": "businesswatcheraws.shared-services@protonmail.com",
                "id": "607231369059",
                "name": "Core Shared Services Account"
              }
            ],
            "arn": "arn:aws:organizations::541940923338:ou/o-yochtpy7rh/ou-z09p-2dmarfz2",
            "id": "ou-z09p-2dmarfz2",
            "name": "Infrastructure",
            "parent_id": "r-z09p",
            "tags": {},
            "tags_all": {}
          },
          "sensitive_attributes": [],
          "private": "bnVsbA==",
          "dependencies": [
            "aws_organizations_organization.org"
          ]
        }
      ]
    },
    {
      "mode": "managed",
      "type": "aws_organizations_organizational_unit",
      "name": "sandbox",
      "provider": "provider[\"registry.terraform.io/hashicorp/aws\"]",
      "instances": [
        {
          "schema_version": 0,
          "attributes": {
            "accounts": [
              {
                "arn": "arn:aws:organizations::541940923338:account/o-yochtpy7rh/519634537828",
                "email": "businesswatcheraws.development@protonmail.com",
                "id": "519634537828",
                "name": "Core Development Account"
              }
            ],
            "arn": "arn:aws:organizations::541940923338:ou/o-yochtpy7rh/ou-z09p-ammkuyi9",
            "id": "ou-z09p-ammkuyi9",
            "name": "Sandbox",
            "parent_id": "r-z09p",
            "tags": {},
            "tags_all": {}
          },
          "sensitive_attributes": [],
          "private": "bnVsbA==",
          "dependencies": [
            "aws_organizations_organization.org"
          ]
        }
      ]
    },
    {
      "mode": "managed",
      "type": "aws_organizations_organizational_unit",
      "name": "security",
      "provider": "provider[\"registry.terraform.io/hashicorp/aws\"]",
      "instances": [
        {
          "schema_version": 0,
          "attributes": {
            "accounts": [
              {
                "arn": "arn:aws:organizations::541940923338:account/o-yochtpy7rh/368649255328",
                "email": "businesswatcheraws.logging@protonmail.com",
                "id": "368649255328",
                "name": "Core Logging Account"
              },
              {
                "arn": "arn:aws:organizations::541940923338:account/o-yochtpy7rh/288485522557",
                "email": "businesswatcheraws.sec@gmail.com",
                "id": "288485522557",
                "name": "Core Security Account"
              }
            ],
            "arn": "arn:aws:organizations::541940923338:ou/o-yochtpy7rh/ou-z09p-3a1aj3w7",
            "id": "ou-z09p-3a1aj3w7",
            "name": "Security",
            "parent_id": "r-z09p",
            "tags": {},
            "tags_all": {}
          },
          "sensitive_attributes": [],
          "private": "bnVsbA==",
          "dependencies": [
            "aws_organizations_organization.org"
          ]
        }
      ]
    },
    {
      "mode": "managed",
      "type": "aws_organizations_organizational_unit",
      "name": "workloads",
      "provider": "provider[\"registry.terraform.io/hashicorp/aws\"]",
      "instances": [
        {
          "schema_version": 0,
          "attributes": {
            "accounts": [],
            "arn": "arn:aws:organizations::541940923338:ou/o-yochtpy7rh/ou-z09p-qcbx7a2u",
            "id": "ou-z09p-qcbx7a2u",
            "name": "Workloads",
            "parent_id": "r-z09p",
            "tags": {},
            "tags_all": {}
          },
          "sensitive_attributes": [],
          "private": "bnVsbA==",
          "dependencies": [
            "aws_organizations_organization.org"
          ]
        }
      ]
    },
    {
      "mode": "managed",
      "type": "aws_organizations_organizational_unit",
      "name": "workloads_prod",
      "provider": "provider[\"registry.terraform.io/hashicorp/aws\"]",
      "instances": [
        {
          "schema_version": 0,
          "attributes": {
            "accounts": [],
            "arn": "arn:aws:organizations::541940923338:ou/o-yochtpy7rh/ou-z09p-cqih4ybn",
            "id": "ou-z09p-cqih4ybn",
            "name": "Prod",
            "parent_id": "ou-z09p-qcbx7a2u",
            "tags": {},
            "tags_all": {}
          },
          "sensitive_attributes": [],
          "private": "bnVsbA==",
          "dependencies": [
            "aws_organizations_organization.org",
            "aws_organizations_organizational_unit.workloads"
          ]
        }
      ]
    },
    {
      "mode": "managed",
      "type": "aws_organizations_organizational_unit",
      "name": "workloads_test",
      "provider": "provider[\"registry.terraform.io/hashicorp/aws\"]",
      "instances": [
        {
          "schema_version": 0,
          "attributes": {
            "accounts": [],
            "arn": "arn:aws:organizations::541940923338:ou/o-yochtpy7rh/ou-z09p-zaefjtha",
            "id": "ou-z09p-zaefjtha",
            "name": "Test",
            "parent_id": "ou-z09p-qcbx7a2u",
            "tags": {},
            "tags_all": {}
          },
          "sensitive_attributes": [],
          "private": "bnVsbA==",
          "dependencies": [
            "aws_organizations_organization.org",
            "aws_organizations_organizational_unit.workloads"
          ]
        }
      ]
    },
    {
      "mode": "managed",
      "type": "aws_organizations_policy",
      "name": "cloudtrail_restrictions",
      "provider": "provider[\"registry.terraform.io/hashicorp/aws\"]",
      "instances": [
        {
          "schema_version": 0,
          "attributes": {
            "arn": "arn:aws:organizations::541940923338:policy/o-yochtpy7rh/service_control_policy/p-fm83rsmt",
            "content": "{\n    \"Version\": \"2012-10-17\",\n    \"Statement\": [\n        {\n            \"Sid\": \"ProtectCloudTrail\",\n            \"Effect\": \"Deny\",\n            \"Action\": [\n                \"cloudtrail:DeleteTrail\",\n                \"cloudtrail:StopLogging\"\n            ],\n            \"Resource\": \"*\"\n        }\n    ]\n}\n",
            "description": "Deny access to deleting or stopping CloudTrails",
            "id": "p-fm83rsmt",
            "name": "ProtectCloudTrails",
            "skip_destroy": null,
            "tags": {},
            "tags_all": {},
            "type": "SERVICE_CONTROL_POLICY"
          },
          "sensitive_attributes": [],
          "private": "bnVsbA=="
        }
      ]
    },
    {
      "mode": "managed",
      "type": "aws_organizations_policy",
      "name": "regional_restrictions",
      "provider": "provider[\"registry.terraform.io/hashicorp/aws\"]",
      "instances": [
        {
          "schema_version": 0,
          "attributes": {
            "arn": "arn:aws:organizations::541940923338:policy/o-yochtpy7rh/service_control_policy/p-97nn0jgy",
            "content": "{\n    \"Version\": \"2012-10-17\",\n    \"Statement\": [\n        {\n            \"Sid\": \"DenyAllOutsideEURegions\",\n            \"Effect\": \"Deny\",\n            \"NotAction\": [\n               \"iam:*\",\n               \"sts:*\",\n               \"organizations:*\",\n               \"route53:*\",\n               \"budgets:*\",\n               \"waf:*\",\n               \"cloudfront:*\",\n               \"cloudwatch:*\",\n               \"globalaccelerator:*\",\n               \"importexport:*\",\n               \"support:*\",\n               \"consolidatedbilling:*\",\n               \"trustedadvisor:*\"\n            ],\n            \"Resource\": \"*\",\n            \"Condition\": {\n                \"StringNotEquals\": {\n                    \"aws:RequestedRegion\": [\n                        \"eu-central-1\",\n                        \"eu-west-3\",\n                        \"eu-north-1\"\n                    ]\n                }\n            }\n        }\n    ]\n}\n",
            "description": "Prevent resources from being created outside of the AU region",
            "id": "p-97nn0jgy",
            "name": "DenyAllOutsideEURegions",
            "skip_destroy": null,
            "tags": {},
            "tags_all": {},
            "type": "SERVICE_CONTROL_POLICY"
          },
          "sensitive_attributes": [],
          "private": "bnVsbA=="
        }
      ]
    },
    {
      "mode": "managed",
      "type": "aws_organizations_policy_attachment",
      "name": "cloudtrail_restrictions_attachment",
      "provider": "provider[\"registry.terraform.io/hashicorp/aws\"]",
      "instances": [
        {
          "schema_version": 0,
          "attributes": {
            "id": "r-z09p:p-fm83rsmt",
            "policy_id": "p-fm83rsmt",
            "skip_destroy": null,
            "target_id": "r-z09p"
          },
          "sensitive_attributes": [],
          "private": "bnVsbA==",
          "dependencies": [
            "aws_organizations_organization.org",
            "aws_organizations_policy.cloudtrail_restrictions"
          ]
        }
      ]
    },
    {
      "mode": "managed",
      "type": "aws_organizations_policy_attachment",
      "name": "regional_restrictions_attachment",
      "provider": "provider[\"registry.terraform.io/hashicorp/aws\"]",
      "instances": [
        {
          "schema_version": 0,
          "attributes": {
            "id": "r-z09p:p-97nn0jgy",
            "policy_id": "p-97nn0jgy",
            "skip_destroy": null,
            "target_id": "r-z09p"
          },
          "sensitive_attributes": [],
          "private": "bnVsbA==",
          "dependencies": [
            "aws_organizations_organization.org",
            "aws_organizations_policy.regional_restrictions"
          ]
        }
      ]
    },
    {
      "module": "module.assume_role_policy_deployment_terraform_deploy",
      "mode": "data",
      "type": "aws_iam_policy_document",
      "name": "assume_role",
      "provider": "provider[\"registry.terraform.io/hashicorp/aws\"].assume_deployment",
      "instances": [
        {
          "schema_version": 0,
          "attributes": {
            "id": "2352637586",
            "json": "{\n  \"Version\": \"2012-10-17\",\n  \"Statement\": [\n    {\n      \"Sid\": \"AssumeCoreDeploymentAccountTerraformDeploymentRole\",\n      \"Effect\": \"Allow\",\n      \"Action\": \"sts:AssumeRole\",\n      \"Resource\": \"arn:aws:iam::382354460930:role/TerraformDeployment\"\n    }\n  ]\n}",
            "override_json": null,
            "override_policy_documents": null,
            "policy_id": null,
            "source_json": null,
            "source_policy_documents": null,
            "statement": [
              {
                "actions": [
                  "sts:AssumeRole"
                ],
                "condition": [],
                "effect": "Allow",
                "not_actions": [],
                "not_principals": [],
                "not_resources": [],
                "principals": [],
                "resources": [
                  "arn:aws:iam::382354460930:role/TerraformDeployment"
                ],
                "sid": "AssumeCoreDeploymentAccountTerraformDeploymentRole"
              }
            ],
            "version": "2012-10-17"
          },
          "sensitive_attributes": []
        }
      ]
    },
    {
      "module": "module.assume_role_policy_deployment_terraform_deploy",
      "mode": "managed",
      "type": "aws_iam_policy",
      "name": "assume_role",
      "provider": "provider[\"registry.terraform.io/hashicorp/aws\"].assume_deployment",
      "instances": [
        {
          "schema_version": 0,
          "attributes": {
            "arn": "arn:aws:iam::382354460930:policy/CoreDeploymentAccountTerraformDeploymentRoleAccess",
            "description": "Grants role assumption for the TerraformDeployment role in the Core Deployment Account account",
            "id": "arn:aws:iam::382354460930:policy/CoreDeploymentAccountTerraformDeploymentRoleAccess",
            "name": "CoreDeploymentAccountTerraformDeploymentRoleAccess",
            "name_prefix": null,
            "path": "/",
            "policy": "{\"Statement\":[{\"Action\":\"sts:AssumeRole\",\"Effect\":\"Allow\",\"Resource\":\"arn:aws:iam::382354460930:role/TerraformDeployment\",\"Sid\":\"AssumeCoreDeploymentAccountTerraformDeploymentRole\"}],\"Version\":\"2012-10-17\"}",
            "policy_id": "ANPAVSBQ2CEBK7UGNJPHP",
            "tags": {
              "Environment": "eu-central-1",
              "Name": "businesswatcher-eu-central-1-iac",
              "Namespace": "businesswatcher"
            },
            "tags_all": {
              "Environment": "eu-central-1",
              "Name": "businesswatcher-eu-central-1-iac",
              "Namespace": "businesswatcher"
            }
          },
          "sensitive_attributes": [],
          "private": "bnVsbA==",
          "dependencies": [
            "aws_organizations_account.deployment",
            "aws_organizations_organization.org",
            "aws_organizations_organizational_unit.deployment",
            "data.aws_iam_policy_document.crossaccount_assume_from_deployment_account",
            "module.assume_role_policy_deployment_terraform_deploy.data.aws_iam_policy_document.assume_role",
            "module.deployment_assume_deployment_terraform_deployment_role.aws_iam_role.role"
          ]
        }
      ]
    },
    {
      "module": "module.assume_role_policy_development_terraform_deploy",
      "mode": "data",
      "type": "aws_iam_policy_document",
      "name": "assume_role",
      "provider": "provider[\"registry.terraform.io/hashicorp/aws\"].assume_deployment",
      "instances": [
        {
          "schema_version": 0,
          "attributes": {
            "id": "4281986339",
            "json": "{\n  \"Version\": \"2012-10-17\",\n  \"Statement\": [\n    {\n      \"Sid\": \"AssumeCoreDevelopmentAccountTerraformDeploymentRole\",\n      \"Effect\": \"Allow\",\n      \"Action\": \"sts:AssumeRole\",\n      \"Resource\": \"arn:aws:iam::519634537828:role/TerraformDeployment\"\n    }\n  ]\n}",
            "override_json": null,
            "override_policy_documents": null,
            "policy_id": null,
            "source_json": null,
            "source_policy_documents": null,
            "statement": [
              {
                "actions": [
                  "sts:AssumeRole"
                ],
                "condition": [],
                "effect": "Allow",
                "not_actions": [],
                "not_principals": [],
                "not_resources": [],
                "principals": [],
                "resources": [
                  "arn:aws:iam::519634537828:role/TerraformDeployment"
                ],
                "sid": "AssumeCoreDevelopmentAccountTerraformDeploymentRole"
              }
            ],
            "version": "2012-10-17"
          },
          "sensitive_attributes": []
        }
      ]
    },
    {
      "module": "module.assume_role_policy_development_terraform_deploy",
      "mode": "managed",
      "type": "aws_iam_policy",
      "name": "assume_role",
      "provider": "provider[\"registry.terraform.io/hashicorp/aws\"].assume_deployment",
      "instances": [
        {
          "schema_version": 0,
          "attributes": {
            "arn": "arn:aws:iam::382354460930:policy/CoreDevelopmentAccountTerraformDeploymentRoleAccess",
            "description": "Grants role assumption for the TerraformDeployment role in the Core Development Account account",
            "id": "arn:aws:iam::382354460930:policy/CoreDevelopmentAccountTerraformDeploymentRoleAccess",
            "name": "CoreDevelopmentAccountTerraformDeploymentRoleAccess",
            "name_prefix": null,
            "path": "/",
            "policy": "{\"Statement\":[{\"Action\":\"sts:AssumeRole\",\"Effect\":\"Allow\",\"Resource\":\"arn:aws:iam::519634537828:role/TerraformDeployment\",\"Sid\":\"AssumeCoreDevelopmentAccountTerraformDeploymentRole\"}],\"Version\":\"2012-10-17\"}",
            "policy_id": "ANPAVSBQ2CEBEZ3V4AFDE",
            "tags": {
              "Environment": "eu-central-1",
              "Name": "businesswatcher-eu-central-1-iac",
              "Namespace": "businesswatcher"
            },
            "tags_all": {
              "Environment": "eu-central-1",
              "Name": "businesswatcher-eu-central-1-iac",
              "Namespace": "businesswatcher"
            }
          },
          "sensitive_attributes": [],
          "private": "bnVsbA==",
          "dependencies": [
            "aws_organizations_account.deployment",
            "aws_organizations_account.development",
            "aws_organizations_organization.org",
            "aws_organizations_organizational_unit.deployment",
            "aws_organizations_organizational_unit.sandbox",
            "data.aws_iam_policy_document.crossaccount_assume_from_deployment_account",
            "module.assume_role_policy_development_terraform_deploy.data.aws_iam_policy_document.assume_role",
            "module.deployment_assume_development_terraform_deployment_role.aws_iam_role.role"
          ]
        }
      ]
    },
    {
      "module": "module.assume_role_policy_logging_terraform_deploy",
      "mode": "data",
      "type": "aws_iam_policy_document",
      "name": "assume_role",
      "provider": "provider[\"registry.terraform.io/hashicorp/aws\"].assume_deployment",
      "instances": [
        {
          "schema_version": 0,
          "attributes": {
            "id": "143986866",
            "json": "{\n  \"Version\": \"2012-10-17\",\n  \"Statement\": [\n    {\n      \"Sid\": \"AssumeCoreLoggingAccountTerraformDeploymentRole\",\n      \"Effect\": \"Allow\",\n      \"Action\": \"sts:AssumeRole\",\n      \"Resource\": \"arn:aws:iam::368649255328:role/TerraformDeployment\"\n    }\n  ]\n}",
            "override_json": null,
            "override_policy_documents": null,
            "policy_id": null,
            "source_json": null,
            "source_policy_documents": null,
            "statement": [
              {
                "actions": [
                  "sts:AssumeRole"
                ],
                "condition": [],
                "effect": "Allow",
                "not_actions": [],
                "not_principals": [],
                "not_resources": [],
                "principals": [],
                "resources": [
                  "arn:aws:iam::368649255328:role/TerraformDeployment"
                ],
                "sid": "AssumeCoreLoggingAccountTerraformDeploymentRole"
              }
            ],
            "version": "2012-10-17"
          },
          "sensitive_attributes": []
        }
      ]
    },
    {
      "module": "module.assume_role_policy_logging_terraform_deploy",
      "mode": "managed",
      "type": "aws_iam_policy",
      "name": "assume_role",
      "provider": "provider[\"registry.terraform.io/hashicorp/aws\"].assume_deployment",
      "instances": [
        {
          "schema_version": 0,
          "attributes": {
            "arn": "arn:aws:iam::382354460930:policy/CoreLoggingAccountTerraformDeploymentRoleAccess",
            "description": "Grants role assumption for the TerraformDeployment role in the Core Logging Account account",
            "id": "arn:aws:iam::382354460930:policy/CoreLoggingAccountTerraformDeploymentRoleAccess",
            "name": "CoreLoggingAccountTerraformDeploymentRoleAccess",
            "name_prefix": null,
            "path": "/",
            "policy": "{\"Statement\":[{\"Action\":\"sts:AssumeRole\",\"Effect\":\"Allow\",\"Resource\":\"arn:aws:iam::368649255328:role/TerraformDeployment\",\"Sid\":\"AssumeCoreLoggingAccountTerraformDeploymentRole\"}],\"Version\":\"2012-10-17\"}",
            "policy_id": "ANPAVSBQ2CEBMSSF6WCEH",
            "tags": {
              "Environment": "eu-central-1",
              "Name": "businesswatcher-eu-central-1-iac",
              "Namespace": "businesswatcher"
            },
            "tags_all": {
              "Environment": "eu-central-1",
              "Name": "businesswatcher-eu-central-1-iac",
              "Namespace": "businesswatcher"
            }
          },
          "sensitive_attributes": [],
          "private": "bnVsbA==",
          "dependencies": [
            "aws_organizations_account.deployment",
            "aws_organizations_account.logging",
            "aws_organizations_organization.org",
            "aws_organizations_organizational_unit.deployment",
            "aws_organizations_organizational_unit.security",
            "data.aws_iam_policy_document.crossaccount_assume_from_deployment_account",
            "module.assume_role_policy_logging_terraform_deploy.data.aws_iam_policy_document.assume_role",
            "module.deployment_assume_logging_terraform_deployment_role.aws_iam_role.role"
          ]
        }
      ]
    },
    {
      "module": "module.assume_role_policy_management_terraform_deploy",
      "mode": "data",
      "type": "aws_iam_policy_document",
      "name": "assume_role",
      "provider": "provider[\"registry.terraform.io/hashicorp/aws\"].assume_deployment",
      "instances": [
        {
          "schema_version": 0,
          "attributes": {
            "id": "3257474578",
            "json": "{\n  \"Version\": \"2012-10-17\",\n  \"Statement\": [\n    {\n      \"Sid\": \"AssumeManagementTerraformDeploymentRole\",\n      \"Effect\": \"Allow\",\n      \"Action\": \"sts:AssumeRole\",\n      \"Resource\": \"arn:aws:iam::541940923338:role/TerraformDeployment\"\n    }\n  ]\n}",
            "override_json": null,
            "override_policy_documents": null,
            "policy_id": null,
            "source_json": null,
            "source_policy_documents": null,
            "statement": [
              {
                "actions": [
                  "sts:AssumeRole"
                ],
                "condition": [],
                "effect": "Allow",
                "not_actions": [],
                "not_principals": [],
                "not_resources": [],
                "principals": [],
                "resources": [
                  "arn:aws:iam::541940923338:role/TerraformDeployment"
                ],
                "sid": "AssumeManagementTerraformDeploymentRole"
              }
            ],
            "version": "2012-10-17"
          },
          "sensitive_attributes": []
        }
      ]
    },
    {
      "module": "module.assume_role_policy_management_terraform_deploy",
      "mode": "managed",
      "type": "aws_iam_policy",
      "name": "assume_role",
      "provider": "provider[\"registry.terraform.io/hashicorp/aws\"].assume_deployment",
      "instances": [
        {
          "schema_version": 0,
          "attributes": {
            "arn": "arn:aws:iam::382354460930:policy/ManagementTerraformDeploymentRoleAccess",
            "description": "Grants role assumption for the TerraformDeployment role in the Management account",
            "id": "arn:aws:iam::382354460930:policy/ManagementTerraformDeploymentRoleAccess",
            "name": "ManagementTerraformDeploymentRoleAccess",
            "name_prefix": null,
            "path": "/",
            "policy": "{\"Statement\":[{\"Action\":\"sts:AssumeRole\",\"Effect\":\"Allow\",\"Resource\":\"arn:aws:iam::541940923338:role/TerraformDeployment\",\"Sid\":\"AssumeManagementTerraformDeploymentRole\"}],\"Version\":\"2012-10-17\"}",
            "policy_id": "ANPAVSBQ2CEBE5JG7DGVE",
            "tags": {
              "Environment": "eu-central-1",
              "Name": "businesswatcher-eu-central-1-iac",
              "Namespace": "businesswatcher"
            },
            "tags_all": {
              "Environment": "eu-central-1",
              "Name": "businesswatcher-eu-central-1-iac",
              "Namespace": "businesswatcher"
            }
          },
          "sensitive_attributes": [],
          "private": "bnVsbA==",
          "dependencies": [
            "aws_organizations_account.deployment",
            "aws_organizations_organization.org",
            "aws_organizations_organizational_unit.deployment",
            "data.aws_caller_identity.current",
            "data.aws_iam_policy_document.crossaccount_assume_from_deployment_account",
            "module.assume_role_policy_management_terraform_deploy.data.aws_iam_policy_document.assume_role",
            "module.deployment_assume_management_terraform_deployment_role.aws_iam_role.role"
          ]
        }
      ]
    },
    {
      "module": "module.assume_role_policy_security_terraform_deploy",
      "mode": "data",
      "type": "aws_iam_policy_document",
      "name": "assume_role",
      "provider": "provider[\"registry.terraform.io/hashicorp/aws\"].assume_deployment",
      "instances": [
        {
          "schema_version": 0,
          "attributes": {
            "id": "4029566420",
            "json": "{\n  \"Version\": \"2012-10-17\",\n  \"Statement\": [\n    {\n      \"Sid\": \"AssumeCoreSecurityAccountTerraformDeploymentRole\",\n      \"Effect\": \"Allow\",\n      \"Action\": \"sts:AssumeRole\",\n      \"Resource\": \"arn:aws:iam::288485522557:role/TerraformDeployment\"\n    }\n  ]\n}",
            "override_json": null,
            "override_policy_documents": null,
            "policy_id": null,
            "source_json": null,
            "source_policy_documents": null,
            "statement": [
              {
                "actions": [
                  "sts:AssumeRole"
                ],
                "condition": [],
                "effect": "Allow",
                "not_actions": [],
                "not_principals": [],
                "not_resources": [],
                "principals": [],
                "resources": [
                  "arn:aws:iam::288485522557:role/TerraformDeployment"
                ],
                "sid": "AssumeCoreSecurityAccountTerraformDeploymentRole"
              }
            ],
            "version": "2012-10-17"
          },
          "sensitive_attributes": []
        }
      ]
    },
    {
      "module": "module.assume_role_policy_security_terraform_deploy",
      "mode": "managed",
      "type": "aws_iam_policy",
      "name": "assume_role",
      "provider": "provider[\"registry.terraform.io/hashicorp/aws\"].assume_deployment",
      "instances": [
        {
          "schema_version": 0,
          "attributes": {
            "arn": "arn:aws:iam::382354460930:policy/CoreSecurityAccountTerraformDeploymentRoleAccess",
            "description": "Grants role assumption for the TerraformDeployment role in the Core Security Account account",
            "id": "arn:aws:iam::382354460930:policy/CoreSecurityAccountTerraformDeploymentRoleAccess",
            "name": "CoreSecurityAccountTerraformDeploymentRoleAccess",
            "name_prefix": null,
            "path": "/",
            "policy": "{\"Statement\":[{\"Action\":\"sts:AssumeRole\",\"Effect\":\"Allow\",\"Resource\":\"arn:aws:iam::288485522557:role/TerraformDeployment\",\"Sid\":\"AssumeCoreSecurityAccountTerraformDeploymentRole\"}],\"Version\":\"2012-10-17\"}",
            "policy_id": "ANPAVSBQ2CEBGHWYA5PLN",
            "tags": {
              "Environment": "eu-central-1",
              "Name": "businesswatcher-eu-central-1-iac",
              "Namespace": "businesswatcher"
            },
            "tags_all": {
              "Environment": "eu-central-1",
              "Name": "businesswatcher-eu-central-1-iac",
              "Namespace": "businesswatcher"
            }
          },
          "sensitive_attributes": [],
          "private": "bnVsbA==",
          "dependencies": [
            "aws_organizations_account.deployment",
            "aws_organizations_account.security",
            "aws_organizations_organization.org",
            "aws_organizations_organizational_unit.deployment",
            "aws_organizations_organizational_unit.security",
            "data.aws_iam_policy_document.crossaccount_assume_from_deployment_account",
            "module.assume_role_policy_security_terraform_deploy.data.aws_iam_policy_document.assume_role",
            "module.deployment_assume_security_terraform_deployment_role.aws_iam_role.role"
          ]
        }
      ]
    },
    {
      "module": "module.assume_role_policy_shared_services_terraform_deploy",
      "mode": "data",
      "type": "aws_iam_policy_document",
      "name": "assume_role",
      "provider": "provider[\"registry.terraform.io/hashicorp/aws\"].assume_deployment",
      "instances": [
        {
          "schema_version": 0,
          "attributes": {
            "id": "2559673770",
            "json": "{\n  \"Version\": \"2012-10-17\",\n  \"Statement\": [\n    {\n      \"Sid\": \"AssumeCoreSharedServicesAccountTerraformDeploymentRole\",\n      \"Effect\": \"Allow\",\n      \"Action\": \"sts:AssumeRole\",\n      \"Resource\": \"arn:aws:iam::607231369059:role/TerraformDeployment\"\n    }\n  ]\n}",
            "override_json": null,
            "override_policy_documents": null,
            "policy_id": null,
            "source_json": null,
            "source_policy_documents": null,
            "statement": [
              {
                "actions": [
                  "sts:AssumeRole"
                ],
                "condition": [],
                "effect": "Allow",
                "not_actions": [],
                "not_principals": [],
                "not_resources": [],
                "principals": [],
                "resources": [
                  "arn:aws:iam::607231369059:role/TerraformDeployment"
                ],
                "sid": "AssumeCoreSharedServicesAccountTerraformDeploymentRole"
              }
            ],
            "version": "2012-10-17"
          },
          "sensitive_attributes": []
        }
      ]
    },
    {
      "module": "module.assume_role_policy_shared_services_terraform_deploy",
      "mode": "managed",
      "type": "aws_iam_policy",
      "name": "assume_role",
      "provider": "provider[\"registry.terraform.io/hashicorp/aws\"].assume_deployment",
      "instances": [
        {
          "schema_version": 0,
          "attributes": {
            "arn": "arn:aws:iam::382354460930:policy/CoreSharedServicesAccountTerraformDeploymentRoleAccess",
            "description": "Grants role assumption for the TerraformDeployment role in the Core Shared Services Account account",
            "id": "arn:aws:iam::382354460930:policy/CoreSharedServicesAccountTerraformDeploymentRoleAccess",
            "name": "CoreSharedServicesAccountTerraformDeploymentRoleAccess",
            "name_prefix": null,
            "path": "/",
            "policy": "{\"Statement\":[{\"Action\":\"sts:AssumeRole\",\"Effect\":\"Allow\",\"Resource\":\"arn:aws:iam::607231369059:role/TerraformDeployment\",\"Sid\":\"AssumeCoreSharedServicesAccountTerraformDeploymentRole\"}],\"Version\":\"2012-10-17\"}",
            "policy_id": "ANPAVSBQ2CEBP37K6FCBW",
            "tags": {
              "Environment": "eu-central-1",
              "Name": "businesswatcher-eu-central-1-iac",
              "Namespace": "businesswatcher"
            },
            "tags_all": {
              "Environment": "eu-central-1",
              "Name": "businesswatcher-eu-central-1-iac",
              "Namespace": "businesswatcher"
            }
          },
          "sensitive_attributes": [],
          "private": "bnVsbA==",
          "dependencies": [
            "aws_organizations_account.deployment",
            "aws_organizations_account.shared_services",
            "aws_organizations_organization.org",
            "aws_organizations_organizational_unit.deployment",
            "aws_organizations_organizational_unit.infrastructure",
            "data.aws_iam_policy_document.crossaccount_assume_from_deployment_account",
            "module.assume_role_policy_shared_services_terraform_deploy.data.aws_iam_policy_document.assume_role",
            "module.deployment_assume_shared_services_terraform_deployment_role.aws_iam_role.role"
          ]
        }
      ]
    },
    {
      "module": "module.assume_role_policy_terraform_admin",
      "mode": "data",
      "type": "aws_iam_policy_document",
      "name": "assume_role",
      "provider": "provider[\"registry.terraform.io/hashicorp/aws\"].assume_deployment",
      "instances": [
        {
          "schema_version": 0,
          "attributes": {
            "id": "1624867353",
            "json": "{\n  \"Version\": \"2012-10-17\",\n  \"Statement\": [\n    {\n      \"Sid\": \"AssumeCoreDeploymentAccountTerraformAdministratorRole\",\n      \"Effect\": \"Allow\",\n      \"Action\": \"sts:AssumeRole\",\n      \"Resource\": \"arn:aws:iam::382354460930:role/TerraformAdministrator\"\n    }\n  ]\n}",
            "override_json": null,
            "override_policy_documents": null,
            "policy_id": null,
            "source_json": null,
            "source_policy_documents": null,
            "statement": [
              {
                "actions": [
                  "sts:AssumeRole"
                ],
                "condition": [],
                "effect": "Allow",
                "not_actions": [],
                "not_principals": [],
                "not_resources": [],
                "principals": [],
                "resources": [
                  "arn:aws:iam::382354460930:role/TerraformAdministrator"
                ],
                "sid": "AssumeCoreDeploymentAccountTerraformAdministratorRole"
              }
            ],
            "version": "2012-10-17"
          },
          "sensitive_attributes": []
        }
      ]
    },
    {
      "module": "module.assume_role_policy_terraform_admin",
      "mode": "managed",
      "type": "aws_iam_policy",
      "name": "assume_role",
      "provider": "provider[\"registry.terraform.io/hashicorp/aws\"].assume_deployment",
      "instances": [
        {
          "schema_version": 0,
          "attributes": {
            "arn": "arn:aws:iam::382354460930:policy/CoreDeploymentAccountTerraformAdministratorRoleAccess",
            "description": "Grants role assumption for the TerraformAdministrator role in the Core Deployment Account account",
            "id": "arn:aws:iam::382354460930:policy/CoreDeploymentAccountTerraformAdministratorRoleAccess",
            "name": "CoreDeploymentAccountTerraformAdministratorRoleAccess",
            "name_prefix": null,
            "path": "/",
            "policy": "{\"Statement\":[{\"Action\":\"sts:AssumeRole\",\"Effect\":\"Allow\",\"Resource\":\"arn:aws:iam::382354460930:role/TerraformAdministrator\",\"Sid\":\"AssumeCoreDeploymentAccountTerraformAdministratorRole\"}],\"Version\":\"2012-10-17\"}",
            "policy_id": "ANPAVSBQ2CEBNZIU3UPOQ",
            "tags": {
              "Environment": "eu-central-1",
              "Name": "businesswatcher-eu-central-1-iac",
              "Namespace": "businesswatcher"
            },
            "tags_all": {
              "Environment": "eu-central-1",
              "Name": "businesswatcher-eu-central-1-iac",
              "Namespace": "businesswatcher"
            }
          },
          "sensitive_attributes": [],
          "private": "bnVsbA==",
          "dependencies": [
            "aws_organizations_account.deployment",
            "aws_organizations_organization.org",
            "aws_organizations_organizational_unit.deployment",
            "data.aws_iam_policy_document.crossaccount_assume_from_deployment_account",
            "module.assume_role_policy_terraform_admin.data.aws_iam_policy_document.assume_role",
            "module.cross_account_role_terraform_admin.aws_iam_role.role"
          ]
        }
      ]
    },
    {
      "module": "module.assume_role_policy_terraform_reader",
      "mode": "data",
      "type": "aws_iam_policy_document",
      "name": "assume_role",
      "provider": "provider[\"registry.terraform.io/hashicorp/aws\"].assume_deployment",
      "instances": [
        {
          "schema_version": 0,
          "attributes": {
            "id": "4169048390",
            "json": "{\n  \"Version\": \"2012-10-17\",\n  \"Statement\": [\n    {\n      \"Sid\": \"AssumeCoreDeploymentAccountTerraformReaderRole\",\n      \"Effect\": \"Allow\",\n      \"Action\": \"sts:AssumeRole\",\n      \"Resource\": \"arn:aws:iam::382354460930:role/TerraformReader\"\n    }\n  ]\n}",
            "override_json": null,
            "override_policy_documents": null,
            "policy_id": null,
            "source_json": null,
            "source_policy_documents": null,
            "statement": [
              {
                "actions": [
                  "sts:AssumeRole"
                ],
                "condition": [],
                "effect": "Allow",
                "not_actions": [],
                "not_principals": [],
                "not_resources": [],
                "principals": [],
                "resources": [
                  "arn:aws:iam::382354460930:role/TerraformReader"
                ],
                "sid": "AssumeCoreDeploymentAccountTerraformReaderRole"
              }
            ],
            "version": "2012-10-17"
          },
          "sensitive_attributes": []
        }
      ]
    },
    {
      "module": "module.assume_role_policy_terraform_reader",
      "mode": "managed",
      "type": "aws_iam_policy",
      "name": "assume_role",
      "provider": "provider[\"registry.terraform.io/hashicorp/aws\"].assume_deployment",
      "instances": [
        {
          "schema_version": 0,
          "attributes": {
            "arn": "arn:aws:iam::382354460930:policy/CoreDeploymentAccountTerraformReaderRoleAccess",
            "description": "Grants role assumption for the TerraformReader role in the Core Deployment Account account",
            "id": "arn:aws:iam::382354460930:policy/CoreDeploymentAccountTerraformReaderRoleAccess",
            "name": "CoreDeploymentAccountTerraformReaderRoleAccess",
            "name_prefix": null,
            "path": "/",
            "policy": "{\"Statement\":[{\"Action\":\"sts:AssumeRole\",\"Effect\":\"Allow\",\"Resource\":\"arn:aws:iam::382354460930:role/TerraformReader\",\"Sid\":\"AssumeCoreDeploymentAccountTerraformReaderRole\"}],\"Version\":\"2012-10-17\"}",
            "policy_id": "ANPAVSBQ2CEBHMRI2AUDT",
            "tags": {
              "Environment": "eu-central-1",
              "Name": "businesswatcher-eu-central-1-iac",
              "Namespace": "businesswatcher"
            },
            "tags_all": {
              "Environment": "eu-central-1",
              "Name": "businesswatcher-eu-central-1-iac",
              "Namespace": "businesswatcher"
            }
          },
          "sensitive_attributes": [],
          "private": "bnVsbA==",
          "dependencies": [
            "aws_organizations_account.deployment",
            "aws_organizations_organization.org",
            "aws_organizations_organizational_unit.deployment",
            "data.aws_iam_policy_document.crossaccount_assume_from_deployment_account",
            "module.assume_role_policy_terraform_reader.data.aws_iam_policy_document.assume_role",
            "module.cross_account_role_terraform_reader.aws_iam_role.role"
          ]
        }
      ]
    },
    {
      "module": "module.cross_account_role_terraform_admin",
      "mode": "managed",
      "type": "aws_iam_role",
      "name": "role",
      "provider": "provider[\"registry.terraform.io/hashicorp/aws\"].assume_deployment",
      "instances": [
        {
          "schema_version": 0,
          "attributes": {
            "arn": "arn:aws:iam::382354460930:role/TerraformAdministrator",
            "assume_role_policy": "{\"Statement\":[{\"Action\":\"sts:AssumeRole\",\"Effect\":\"Allow\",\"Principal\":{\"AWS\":\"382354460930\"},\"Sid\":\"AssumeFromDeploymentAccount\"}],\"Version\":\"2012-10-17\"}",
            "create_date": "2023-07-23T14:22:08Z",
            "description": "",
            "force_detach_policies": false,
            "id": "TerraformAdministrator",
            "inline_policy": [],
            "managed_policy_arns": [
              "arn:aws:iam::382354460930:policy/TerraformAdminAccess"
            ],
            "max_session_duration": 3600,
            "name": "TerraformAdministrator",
            "name_prefix": "",
            "path": "/",
            "permissions_boundary": null,
            "tags": {
              "Environment": "eu-central-1",
              "Name": "businesswatcher-eu-central-1-iac",
              "Namespace": "businesswatcher"
            },
            "tags_all": {
              "Environment": "eu-central-1",
              "Name": "businesswatcher-eu-central-1-iac",
              "Namespace": "businesswatcher"
            },
            "unique_id": "AROAVSBQ2CEBMQFDG7AHN"
          },
          "sensitive_attributes": [],
          "private": "bnVsbA==",
          "dependencies": [
            "aws_organizations_account.deployment",
            "aws_organizations_organization.org",
            "aws_organizations_organizational_unit.deployment",
            "data.aws_iam_policy_document.crossaccount_assume_from_deployment_account"
          ]
        }
      ]
    },
    {
      "module": "module.cross_account_role_terraform_admin",
      "mode": "managed",
      "type": "aws_iam_role_policy_attachment",
      "name": "role_policy",
      "provider": "provider[\"registry.terraform.io/hashicorp/aws\"].assume_deployment",
      "instances": [
        {
          "schema_version": 0,
          "attributes": {
            "id": "TerraformAdministrator-20230723142209137600000003",
            "policy_arn": "arn:aws:iam::382354460930:policy/TerraformAdminAccess",
            "role": "TerraformAdministrator"
          },
          "sensitive_attributes": [],
          "private": "bnVsbA==",
          "dependencies": [
            "aws_iam_policy.terraform_admin",
            "aws_organizations_account.deployment",
            "aws_organizations_organization.org",
            "aws_organizations_organizational_unit.deployment",
            "data.aws_iam_policy_document.crossaccount_assume_from_deployment_account",
            "data.aws_iam_policy_document.terraform_admin",
            "module.cross_account_role_terraform_admin.aws_iam_role.role"
          ]
        }
      ]
    },
    {
      "module": "module.cross_account_role_terraform_reader",
      "mode": "managed",
      "type": "aws_iam_role",
      "name": "role",
      "provider": "provider[\"registry.terraform.io/hashicorp/aws\"].assume_deployment",
      "instances": [
        {
          "schema_version": 0,
          "attributes": {
            "arn": "arn:aws:iam::382354460930:role/TerraformReader",
            "assume_role_policy": "{\"Statement\":[{\"Action\":\"sts:AssumeRole\",\"Effect\":\"Allow\",\"Principal\":{\"AWS\":\"382354460930\"},\"Sid\":\"AssumeFromDeploymentAccount\"}],\"Version\":\"2012-10-17\"}",
            "create_date": "2023-07-23T14:22:08Z",
            "description": "",
            "force_detach_policies": false,
            "id": "TerraformReader",
            "inline_policy": [],
            "managed_policy_arns": [
              "arn:aws:iam::382354460930:policy/TerraformReadAccess"
            ],
            "max_session_duration": 3600,
            "name": "TerraformReader",
            "name_prefix": "",
            "path": "/",
            "permissions_boundary": null,
            "tags": {
              "Environment": "eu-central-1",
              "Name": "businesswatcher-eu-central-1-iac",
              "Namespace": "businesswatcher"
            },
            "tags_all": {
              "Environment": "eu-central-1",
              "Name": "businesswatcher-eu-central-1-iac",
              "Namespace": "businesswatcher"
            },
            "unique_id": "AROAVSBQ2CEBOGHBMW3M4"
          },
          "sensitive_attributes": [],
          "private": "bnVsbA==",
          "dependencies": [
            "aws_organizations_account.deployment",
            "aws_organizations_organization.org",
            "aws_organizations_organizational_unit.deployment",
            "data.aws_iam_policy_document.crossaccount_assume_from_deployment_account"
          ]
        }
      ]
    },
    {
      "module": "module.cross_account_role_terraform_reader",
      "mode": "managed",
      "type": "aws_iam_role_policy_attachment",
      "name": "role_policy",
      "provider": "provider[\"registry.terraform.io/hashicorp/aws\"].assume_deployment",
      "instances": [
        {
          "schema_version": 0,
          "attributes": {
            "id": "TerraformReader-20230723142208957400000001",
            "policy_arn": "arn:aws:iam::382354460930:policy/TerraformReadAccess",
            "role": "TerraformReader"
          },
          "sensitive_attributes": [],
          "private": "bnVsbA==",
          "dependencies": [
            "aws_iam_policy.terraform_reader",
            "aws_organizations_account.deployment",
            "aws_organizations_organization.org",
            "aws_organizations_organizational_unit.deployment",
            "data.aws_iam_policy_document.crossaccount_assume_from_deployment_account",
            "data.aws_iam_policy_document.terraform_reader",
            "module.cross_account_role_terraform_reader.aws_iam_role.role"
          ]
        }
      ]
    },
    {
      "module": "module.deployment_assume_deployment_terraform_deployment_role",
      "mode": "managed",
      "type": "aws_iam_role",
      "name": "role",
      "provider": "provider[\"registry.terraform.io/hashicorp/aws\"].assume_deployment",
      "instances": [
        {
          "schema_version": 0,
          "attributes": {
            "arn": "arn:aws:iam::382354460930:role/TerraformDeployment",
            "assume_role_policy": "{\"Statement\":[{\"Action\":\"sts:AssumeRole\",\"Effect\":\"Allow\",\"Principal\":{\"AWS\":\"382354460930\"},\"Sid\":\"AssumeFromDeploymentAccount\"}],\"Version\":\"2012-10-17\"}",
            "create_date": "2023-07-23T14:22:08Z",
            "description": "",
            "force_detach_policies": false,
            "id": "TerraformDeployment",
            "inline_policy": [],
            "managed_policy_arns": [
              "arn:aws:iam::aws:policy/AdministratorAccess"
            ],
            "max_session_duration": 3600,
            "name": "TerraformDeployment",
            "name_prefix": "",
            "path": "/",
            "permissions_boundary": null,
            "tags": {
              "Environment": "eu-central-1",
              "Name": "businesswatcher-eu-central-1-iac",
              "Namespace": "businesswatcher"
            },
            "tags_all": {
              "Environment": "eu-central-1",
              "Name": "businesswatcher-eu-central-1-iac",
              "Namespace": "businesswatcher"
            },
            "unique_id": "AROAVSBQ2CEBLPZ43YC76"
          },
          "sensitive_attributes": [],
          "private": "bnVsbA==",
          "dependencies": [
            "aws_organizations_account.deployment",
            "aws_organizations_organization.org",
            "aws_organizations_organizational_unit.deployment",
            "data.aws_iam_policy_document.crossaccount_assume_from_deployment_account"
          ]
        }
      ]
    },
    {
      "module": "module.deployment_assume_deployment_terraform_deployment_role",
      "mode": "managed",
      "type": "aws_iam_role_policy_attachment",
      "name": "role_policy",
      "provider": "provider[\"registry.terraform.io/hashicorp/aws\"].assume_deployment",
      "instances": [
        {
          "schema_version": 0,
          "attributes": {
            "id": "TerraformDeployment-20230723142208990900000002",
            "policy_arn": "arn:aws:iam::aws:policy/AdministratorAccess",
            "role": "TerraformDeployment"
          },
          "sensitive_attributes": [],
          "private": "bnVsbA==",
          "dependencies": [
            "aws_organizations_account.deployment",
            "aws_organizations_organization.org",
            "aws_organizations_organizational_unit.deployment",
            "data.aws_iam_policy_document.crossaccount_assume_from_deployment_account",
            "module.deployment_assume_deployment_terraform_deployment_role.aws_iam_role.role"
          ]
        }
      ]
    },
    {
      "module": "module.deployment_assume_development_terraform_deployment_role",
      "mode": "managed",
      "type": "aws_iam_role",
      "name": "role",
      "provider": "provider[\"registry.terraform.io/hashicorp/aws\"].assume_development",
      "instances": [
        {
          "schema_version": 0,
          "attributes": {
            "arn": "arn:aws:iam::519634537828:role/TerraformDeployment",
            "assume_role_policy": "{\"Statement\":[{\"Action\":\"sts:AssumeRole\",\"Effect\":\"Allow\",\"Principal\":{\"AWS\":\"382354460930\"},\"Sid\":\"AssumeFromDeploymentAccount\"}],\"Version\":\"2012-10-17\"}",
            "create_date": "2023-07-23T14:22:10Z",
            "description": "",
            "force_detach_policies": false,
            "id": "TerraformDeployment",
            "inline_policy": [],
            "managed_policy_arns": [
              "arn:aws:iam::aws:policy/AdministratorAccess"
            ],
            "max_session_duration": 3600,
            "name": "TerraformDeployment",
            "name_prefix": "",
            "path": "/",
            "permissions_boundary": null,
            "tags": {
              "Environment": "eu-central-1",
              "Name": "businesswatcher-eu-central-1-iac",
              "Namespace": "businesswatcher"
            },
            "tags_all": {
              "Environment": "eu-central-1",
              "Name": "businesswatcher-eu-central-1-iac",
              "Namespace": "businesswatcher"
            },
            "unique_id": "AROAXR7FBZVSPCBO4AK6X"
          },
          "sensitive_attributes": [],
          "private": "bnVsbA==",
          "dependencies": [
            "aws_organizations_account.deployment",
            "aws_organizations_account.development",
            "aws_organizations_organization.org",
            "aws_organizations_organizational_unit.deployment",
            "aws_organizations_organizational_unit.sandbox",
            "data.aws_iam_policy_document.crossaccount_assume_from_deployment_account"
          ]
        }
      ]
    },
    {
      "module": "module.deployment_assume_development_terraform_deployment_role",
      "mode": "managed",
      "type": "aws_iam_role_policy_attachment",
      "name": "role_policy",
      "provider": "provider[\"registry.terraform.io/hashicorp/aws\"].assume_development",
      "instances": [
        {
          "schema_version": 0,
          "attributes": {
            "id": "TerraformDeployment-20230723142211147200000001",
            "policy_arn": "arn:aws:iam::aws:policy/AdministratorAccess",
            "role": "TerraformDeployment"
          },
          "sensitive_attributes": [],
          "private": "bnVsbA==",
          "dependencies": [
            "aws_organizations_account.deployment",
            "aws_organizations_account.development",
            "aws_organizations_organization.org",
            "aws_organizations_organizational_unit.deployment",
            "aws_organizations_organizational_unit.sandbox",
            "data.aws_iam_policy_document.crossaccount_assume_from_deployment_account",
            "module.deployment_assume_development_terraform_deployment_role.aws_iam_role.role"
          ]
        }
      ]
    },
    {
      "module": "module.deployment_assume_logging_terraform_deployment_role",
      "mode": "managed",
      "type": "aws_iam_role",
      "name": "role",
      "provider": "provider[\"registry.terraform.io/hashicorp/aws\"].assume_logging",
      "instances": [
        {
          "schema_version": 0,
          "attributes": {
            "arn": "arn:aws:iam::368649255328:role/TerraformDeployment",
            "assume_role_policy": "{\"Statement\":[{\"Action\":\"sts:AssumeRole\",\"Effect\":\"Allow\",\"Principal\":{\"AWS\":\"382354460930\"},\"Sid\":\"AssumeFromDeploymentAccount\"}],\"Version\":\"2012-10-17\"}",
            "create_date": "2023-07-23T14:22:07Z",
            "description": "",
            "force_detach_policies": false,
            "id": "TerraformDeployment",
            "inline_policy": [],
            "managed_policy_arns": [
              "arn:aws:iam::aws:policy/AdministratorAccess"
            ],
            "max_session_duration": 3600,
            "name": "TerraformDeployment",
            "name_prefix": "",
            "path": "/",
            "permissions_boundary": null,
            "tags": {
              "Environment": "eu-central-1",
              "Name": "businesswatcher-eu-central-1-iac",
              "Namespace": "businesswatcher"
            },
            "tags_all": {
              "Environment": "eu-central-1",
              "Name": "businesswatcher-eu-central-1-iac",
              "Namespace": "businesswatcher"
            },
            "unique_id": "AROAVLVJVHGQIHDOJHVBS"
          },
          "sensitive_attributes": [],
          "private": "bnVsbA==",
          "dependencies": [
            "aws_organizations_account.deployment",
            "aws_organizations_account.logging",
            "aws_organizations_organization.org",
            "aws_organizations_organizational_unit.deployment",
            "aws_organizations_organizational_unit.security",
            "data.aws_iam_policy_document.crossaccount_assume_from_deployment_account"
          ]
        }
      ]
    },
    {
      "module": "module.deployment_assume_logging_terraform_deployment_role",
      "mode": "managed",
      "type": "aws_iam_role_policy_attachment",
      "name": "role_policy",
      "provider": "provider[\"registry.terraform.io/hashicorp/aws\"].assume_logging",
      "instances": [
        {
          "schema_version": 0,
          "attributes": {
            "id": "TerraformDeployment-20230723142208421300000001",
            "policy_arn": "arn:aws:iam::aws:policy/AdministratorAccess",
            "role": "TerraformDeployment"
          },
          "sensitive_attributes": [],
          "private": "bnVsbA==",
          "dependencies": [
            "aws_organizations_account.deployment",
            "aws_organizations_account.logging",
            "aws_organizations_organization.org",
            "aws_organizations_organizational_unit.deployment",
            "aws_organizations_organizational_unit.security",
            "data.aws_iam_policy_document.crossaccount_assume_from_deployment_account",
            "module.deployment_assume_logging_terraform_deployment_role.aws_iam_role.role"
          ]
        }
      ]
    },
    {
      "module": "module.deployment_assume_management_terraform_deployment_role",
      "mode": "managed",
      "type": "aws_iam_role",
      "name": "role",
      "provider": "provider[\"registry.terraform.io/hashicorp/aws\"]",
      "instances": [
        {
          "schema_version": 0,
          "attributes": {
            "arn": "arn:aws:iam::541940923338:role/TerraformDeployment",
            "assume_role_policy": "{\"Statement\":[{\"Action\":\"sts:AssumeRole\",\"Effect\":\"Allow\",\"Principal\":{\"AWS\":\"382354460930\"},\"Sid\":\"AssumeFromDeploymentAccount\"}],\"Version\":\"2012-10-17\"}",
            "create_date": "2023-07-23T14:22:07Z",
            "description": "",
            "force_detach_policies": false,
            "id": "TerraformDeployment",
            "inline_policy": [],
            "managed_policy_arns": [
              "arn:aws:iam::aws:policy/AdministratorAccess"
            ],
            "max_session_duration": 3600,
            "name": "TerraformDeployment",
            "name_prefix": "",
            "path": "/",
            "permissions_boundary": null,
            "tags": {
              "Environment": "eu-central-1",
              "Name": "businesswatcher-eu-central-1-iac",
              "Namespace": "businesswatcher"
            },
            "tags_all": {
              "Environment": "eu-central-1",
              "Name": "businesswatcher-eu-central-1-iac",
              "Namespace": "businesswatcher"
            },
            "unique_id": "AROAX4LRSHPFJC5JNSJZO"
          },
          "sensitive_attributes": [],
          "private": "bnVsbA==",
          "dependencies": [
            "aws_organizations_account.deployment",
            "aws_organizations_organization.org",
            "aws_organizations_organizational_unit.deployment",
            "data.aws_iam_policy_document.crossaccount_assume_from_deployment_account"
          ]
        }
      ]
    },
    {
      "module": "module.deployment_assume_management_terraform_deployment_role",
      "mode": "managed",
      "type": "aws_iam_role_policy_attachment",
      "name": "role_policy",
      "provider": "provider[\"registry.terraform.io/hashicorp/aws\"]",
      "instances": [
        {
          "schema_version": 0,
          "attributes": {
            "id": "TerraformDeployment-20230723142208442400000001",
            "policy_arn": "arn:aws:iam::aws:policy/AdministratorAccess",
            "role": "TerraformDeployment"
          },
          "sensitive_attributes": [],
          "private": "bnVsbA==",
          "dependencies": [
            "aws_organizations_account.deployment",
            "aws_organizations_organization.org",
            "aws_organizations_organizational_unit.deployment",
            "data.aws_iam_policy_document.crossaccount_assume_from_deployment_account",
            "module.deployment_assume_management_terraform_deployment_role.aws_iam_role.role"
          ]
        }
      ]
    },
    {
      "module": "module.deployment_assume_security_terraform_deployment_role",
      "mode": "managed",
      "type": "aws_iam_role",
      "name": "role",
      "provider": "provider[\"registry.terraform.io/hashicorp/aws\"].assume_security",
      "instances": [
        {
          "schema_version": 0,
          "attributes": {
            "arn": "arn:aws:iam::288485522557:role/TerraformDeployment",
            "assume_role_policy": "{\"Statement\":[{\"Action\":\"sts:AssumeRole\",\"Effect\":\"Allow\",\"Principal\":{\"AWS\":\"382354460930\"},\"Sid\":\"AssumeFromDeploymentAccount\"}],\"Version\":\"2012-10-17\"}",
            "create_date": "2023-07-23T14:22:30Z",
            "description": "",
            "force_detach_policies": false,
            "id": "TerraformDeployment",
            "inline_policy": [],
            "managed_policy_arns": [
              "arn:aws:iam::aws:policy/AdministratorAccess"
            ],
            "max_session_duration": 3600,
            "name": "TerraformDeployment",
            "name_prefix": "",
            "path": "/",
            "permissions_boundary": null,
            "tags": {
              "Environment": "eu-central-1",
              "Name": "businesswatcher-eu-central-1-iac",
              "Namespace": "businesswatcher"
            },
            "tags_all": {
              "Environment": "eu-central-1",
              "Name": "businesswatcher-eu-central-1-iac",
              "Namespace": "businesswatcher"
            },
            "unique_id": "AROAUGKYTXR64WO4KXNTR"
          },
          "sensitive_attributes": [],
          "private": "bnVsbA==",
          "dependencies": [
            "aws_organizations_account.deployment",
            "aws_organizations_account.security",
            "aws_organizations_organization.org",
            "aws_organizations_organizational_unit.deployment",
            "aws_organizations_organizational_unit.security",
            "data.aws_iam_policy_document.crossaccount_assume_from_deployment_account"
          ]
        }
      ]
    },
    {
      "module": "module.deployment_assume_security_terraform_deployment_role",
      "mode": "managed",
      "type": "aws_iam_role_policy_attachment",
      "name": "role_policy",
      "provider": "provider[\"registry.terraform.io/hashicorp/aws\"].assume_security",
      "instances": [
        {
          "schema_version": 0,
          "attributes": {
            "id": "TerraformDeployment-20230723142230833000000001",
            "policy_arn": "arn:aws:iam::aws:policy/AdministratorAccess",
            "role": "TerraformDeployment"
          },
          "sensitive_attributes": [],
          "private": "bnVsbA==",
          "dependencies": [
            "aws_organizations_account.deployment",
            "aws_organizations_account.security",
            "aws_organizations_organization.org",
            "aws_organizations_organizational_unit.deployment",
            "aws_organizations_organizational_unit.security",
            "data.aws_iam_policy_document.crossaccount_assume_from_deployment_account",
            "module.deployment_assume_security_terraform_deployment_role.aws_iam_role.role"
          ]
        }
      ]
    },
    {
      "module": "module.deployment_assume_shared_services_terraform_deployment_role",
      "mode": "managed",
      "type": "aws_iam_role",
      "name": "role",
      "provider": "provider[\"registry.terraform.io/hashicorp/aws\"].assume_shared_services",
      "instances": [
        {
          "schema_version": 0,
          "attributes": {
            "arn": "arn:aws:iam::607231369059:role/TerraformDeployment",
            "assume_role_policy": "{\"Statement\":[{\"Action\":\"sts:AssumeRole\",\"Effect\":\"Allow\",\"Principal\":{\"AWS\":\"382354460930\"},\"Sid\":\"AssumeFromDeploymentAccount\"}],\"Version\":\"2012-10-17\"}",
            "create_date": "2023-07-23T14:22:07Z",
            "description": "",
            "force_detach_policies": false,
            "id": "TerraformDeployment",
            "inline_policy": [],
            "managed_policy_arns": [
              "arn:aws:iam::aws:policy/AdministratorAccess"
            ],
            "max_session_duration": 3600,
            "name": "TerraformDeployment",
            "name_prefix": "",
            "path": "/",
            "permissions_boundary": null,
            "tags": {
              "Environment": "eu-central-1",
              "Name": "businesswatcher-eu-central-1-iac",
              "Namespace": "businesswatcher"
            },
            "tags_all": {
              "Environment": "eu-central-1",
              "Name": "businesswatcher-eu-central-1-iac",
              "Namespace": "businesswatcher"
            },
            "unique_id": "AROAY2YOPL5RZPZPKJMT3"
          },
          "sensitive_attributes": [],
          "private": "bnVsbA==",
          "dependencies": [
            "aws_organizations_account.deployment",
            "aws_organizations_account.shared_services",
            "aws_organizations_organization.org",
            "aws_organizations_organizational_unit.deployment",
            "aws_organizations_organizational_unit.infrastructure",
            "data.aws_iam_policy_document.crossaccount_assume_from_deployment_account"
          ]
        }
      ]
    },
    {
      "module": "module.deployment_assume_shared_services_terraform_deployment_role",
      "mode": "managed",
      "type": "aws_iam_role_policy_attachment",
      "name": "role_policy",
      "provider": "provider[\"registry.terraform.io/hashicorp/aws\"].assume_shared_services",
      "instances": [
        {
          "schema_version": 0,
          "attributes": {
            "id": "TerraformDeployment-20230723142208482600000001",
            "policy_arn": "arn:aws:iam::aws:policy/AdministratorAccess",
            "role": "TerraformDeployment"
          },
          "sensitive_attributes": [],
          "private": "bnVsbA==",
          "dependencies": [
            "aws_organizations_account.deployment",
            "aws_organizations_account.shared_services",
            "aws_organizations_organization.org",
            "aws_organizations_organizational_unit.deployment",
            "aws_organizations_organizational_unit.infrastructure",
            "data.aws_iam_policy_document.crossaccount_assume_from_deployment_account",
            "module.deployment_assume_shared_services_terraform_deployment_role.aws_iam_role.role"
          ]
        }
      ]
    }
  ],
  "check_results": null
}
