{
  "version": 4,
  "terraform_version": "1.5.4",
  "serial": 28,
  "lineage": "543552f4-45ba-5cb1-584a-878ee88b232f",
  "outputs": {
    "temp_admin_access_key": {
      "value": "AKIAVSBQ2CEBJA6XUWCK",
      "type": "string"
    },
    "temp_admin_secret_key": {
      "value": "wcDMA8WwsxiOmXiVAQv/fNyCg1ouaqTATBrKtqaCdhZUYwsDLzWe0M5TJQYmKvcjYNSjwgDSNn+ATcSrCXaoBJHldPN+0mrI7aqN4wb3Ei9Gfmyqcl5tjtU/XMnaYe5BVS5oPnYNUgGfHgETIVb1Y87uwACt4YT64YvLu3Fl6L/Ax3zpgop9ZlE33ClNcuwjmahzxWQpVlttat4RTxp0x75enM1tkbQ6hjulDDTfJUhqsMDrh8q4N2tzezqehAEM2R8Oo+sKOdBDmNAAyrasxUHe/YNv/4hKpqxcW1ykYZ/aU2/oEEyxGQaD+fC8+JRQDaOJvw42E0Edl5e+qhbRxJe0UdvjKPzIeOOnEECcWz74gVOKUysTWDv6Kal2u93lRAiRoNBgX9bVQsITS6KhufVZ4RMDUDtpf5Ax2iqlW1kl8xWbgVaYvbTX2azcfJDK0yVRGuFFYylKZU+KxtCvb6OgA002UNRoHn3kh4wSc+cSi/+RNEypgZ4xqjLHgIj66rSEaM6o1oQBYIaTibOg0lkB6F4rKTYX+4yc5yLgTkr6QZKoqvDNEvnxeDk0qulYA8xKOv/kDOPOX1z3F0nEg5j+5N8fpVfE6422JuUULptPyF9OuZ9wqHZSOEBXp3g6Mz9gDFL552oLRw==",
      "type": "string"
    }
  },
  "resources": [
    {
      "mode": "data",
      "type": "terraform_remote_state",
      "name": "organization",
      "provider": "provider[\"terraform.io/builtin/terraform\"]",
      "instances": [
        {
          "schema_version": 0,
          "attributes": {
            "backend": "s3",
            "config": {
              "value": {
                "bucket": "businesswatcher-iac-eu-central-1-deployment-terraform-state",
                "key": "management/organization/terraform.tfstate",
                "region": "eu-central-1",
                "role_arn": "arn:aws:iam::382354460930:role/OrganizationAccountAccessRole"
              },
              "type": [
                "object",
                {
                  "bucket": "string",
                  "key": "string",
                  "region": "string",
                  "role_arn": "string"
                }
              ]
            },
            "defaults": null,
            "outputs": {
              "value": {
                "account_ids": {
                  "deployment": "382354460930",
                  "development": "519634537828",
                  "logging": "368649255328",
                  "management": "541940923338",
                  "security": "288485522557",
                  "shared-services": "607231369059"
                },
                "crossaccount_assume_from_deployment_account_policy_json": "{\n  \"Version\": \"2012-10-17\",\n  \"Statement\": [\n    {\n      \"Sid\": \"AssumeFromDeploymentAccount\",\n      \"Effect\": \"Allow\",\n      \"Action\": \"sts:AssumeRole\",\n      \"Principal\": {\n        \"AWS\": \"382354460930\"\n      }\n    }\n  ]\n}",
                "deployment_terraform_deploy_role_policy_arn": "arn:aws:iam::382354460930:policy/CoreDeploymentAccountTerraformDeploymentRoleAccess",
                "development_terraform_deploy_role_policy_arn": "arn:aws:iam::382354460930:policy/CoreDevelopmentAccountTerraformDeploymentRoleAccess",
                "logging_terraform_deploy_role_policy_arn": "arn:aws:iam::382354460930:policy/CoreLoggingAccountTerraformDeploymentRoleAccess",
                "management_terraform_deploy_role_policy_arn": "arn:aws:iam::382354460930:policy/ManagementTerraformDeploymentRoleAccess",
                "security_terraform_deploy_role_policy_arn": "arn:aws:iam::382354460930:policy/CoreSecurityAccountTerraformDeploymentRoleAccess",
                "shared_services_terraform_deploy_role_policy_arn": "arn:aws:iam::382354460930:policy/CoreSharedServicesAccountTerraformDeploymentRoleAccess",
                "terraform_admin_role_policy_arn": "arn:aws:iam::382354460930:policy/CoreDeploymentAccountTerraformAdministratorRoleAccess",
                "terraform_reader_role_policy_arn": "arn:aws:iam::382354460930:policy/CoreDeploymentAccountTerraformReaderRoleAccess"
              },
              "type": [
                "object",
                {
                  "account_ids": [
                    "object",
                    {
                      "deployment": "string",
                      "development": "string",
                      "logging": "string",
                      "management": "string",
                      "security": "string",
                      "shared-services": "string"
                    }
                  ],
                  "crossaccount_assume_from_deployment_account_policy_json": "string",
                  "deployment_terraform_deploy_role_policy_arn": "string",
                  "development_terraform_deploy_role_policy_arn": "string",
                  "logging_terraform_deploy_role_policy_arn": "string",
                  "management_terraform_deploy_role_policy_arn": "string",
                  "security_terraform_deploy_role_policy_arn": "string",
                  "shared_services_terraform_deploy_role_policy_arn": "string",
                  "terraform_admin_role_policy_arn": "string",
                  "terraform_reader_role_policy_arn": "string"
                }
              ]
            },
            "workspace": null
          },
          "sensitive_attributes": []
        }
      ]
    },
    {
      "mode": "managed",
      "type": "aws_iam_access_key",
      "name": "temp_admin",
      "provider": "provider[\"registry.terraform.io/hashicorp/aws\"].assume_deployment",
      "instances": [
        {
          "schema_version": 0,
          "attributes": {
            "create_date": "2023-08-27T08:28:47Z",
            "encrypted_secret": "wcDMA8WwsxiOmXiVAQv/fNyCg1ouaqTATBrKtqaCdhZUYwsDLzWe0M5TJQYmKvcjYNSjwgDSNn+ATcSrCXaoBJHldPN+0mrI7aqN4wb3Ei9Gfmyqcl5tjtU/XMnaYe5BVS5oPnYNUgGfHgETIVb1Y87uwACt4YT64YvLu3Fl6L/Ax3zpgop9ZlE33ClNcuwjmahzxWQpVlttat4RTxp0x75enM1tkbQ6hjulDDTfJUhqsMDrh8q4N2tzezqehAEM2R8Oo+sKOdBDmNAAyrasxUHe/YNv/4hKpqxcW1ykYZ/aU2/oEEyxGQaD+fC8+JRQDaOJvw42E0Edl5e+qhbRxJe0UdvjKPzIeOOnEECcWz74gVOKUysTWDv6Kal2u93lRAiRoNBgX9bVQsITS6KhufVZ4RMDUDtpf5Ax2iqlW1kl8xWbgVaYvbTX2azcfJDK0yVRGuFFYylKZU+KxtCvb6OgA002UNRoHn3kh4wSc+cSi/+RNEypgZ4xqjLHgIj66rSEaM6o1oQBYIaTibOg0lkB6F4rKTYX+4yc5yLgTkr6QZKoqvDNEvnxeDk0qulYA8xKOv/kDOPOX1z3F0nEg5j+5N8fpVfE6422JuUULptPyF9OuZ9wqHZSOEBXp3g6Mz9gDFL552oLRw==",
            "encrypted_ses_smtp_password_v4": "wcDMA8WwsxiOmXiVAQv+NZdSJivRDqqDkl1glDYZlPUa06/1AO2bFYOju3zu91P8K0XSbrV4zxNfQuTX1Mz8lc6D3r4DHmqD4HxX1Qwc1JsXhFRjJcYjHQ8Cl53VjlW9CEa/DKssFQpyGq+jjguHX/bAalWzmJShSBABRUYexioHVAltdTtxDstapHMwkshDP5Pn8ZXW59nxWHGu7XGwcK23eDQu+/la2RP/RgHibwB12+ntPZJlVw7TsIIX0PT58+rEINVv0jiKeDRJjeOcjK4b2+u36z88MGxxp57a6q/3MkM1OCKyQ2xhO8c6ZJFWLSuETsuhiDdnX8PpB10Hh/+gwsrPMmcUyJn3QFGnx0vAf09E6nn47RPRC+NnOASSmy4VBEaFBtydmsTY7Ox9McKeRwf9CiJ7g6OxDGuvePVct4P0HEDuCoJzDO8o9hR/PYTTq9eahbdjLOXOnT4aW8xjgTOdE43bxzgLMEoOWltUOKvsjG7tj/pYkkplhZNGhJL0iei0pmQ+mxKm2Frv0l0BIjYVQ6x+PnkscXDOI/8BsUpJaYag3NBI5+3wUNkOGHCx4llUb6zrtylO58O/G+HRm8/uzSFFf6Dn6XYbqoq7iARgZUTPCeXG0uXCsGr9MUspNPcOus1jPszlTgU=",
            "id": "AKIAVSBQ2CEBJA6XUWCK",
            "key_fingerprint": "7174b78b44ee3fd4af843c92723578161a588aba",
            "pgp_key": "keybase:nstreling",
            "secret": null,
            "ses_smtp_password_v4": null,
            "status": "Active",
            "user": "temp-admin"
          },
          "sensitive_attributes": [],
          "private": "bnVsbA==",
          "dependencies": [
            "aws_iam_user.temp_admin",
            "data.terraform_remote_state.organization"
          ]
        }
      ]
    },
    {
      "mode": "managed",
      "type": "aws_iam_user",
      "name": "temp_admin",
      "provider": "provider[\"registry.terraform.io/hashicorp/aws\"].assume_deployment",
      "instances": [
        {
          "schema_version": 0,
          "attributes": {
            "arn": "arn:aws:iam::382354460930:user/temp-admin",
            "force_destroy": true,
            "id": "temp-admin",
            "name": "temp-admin",
            "path": "/",
            "permissions_boundary": null,
            "tags": {
              "Environment": "eu-central-1",
              "Name": "businesswatcher-eu-central-1-iac",
              "Namespace": "businesswatcher"
            },
            "tags_all": {
              "Environment": "eu-central-1",
              "Name": "businesswatcher-eu-central-1-iac",
              "Namespace": "businesswatcher"
            },
            "unique_id": "AIDAVSBQ2CEBCDHGHD6RN"
          },
          "sensitive_attributes": [],
          "private": "bnVsbA==",
          "dependencies": [
            "data.terraform_remote_state.organization"
          ]
        }
      ]
    },
    {
      "mode": "managed",
      "type": "aws_iam_user_policy_attachment",
      "name": "assume_role_terraform_admin",
      "provider": "provider[\"registry.terraform.io/hashicorp/aws\"].assume_deployment",
      "instances": [
        {
          "schema_version": 0,
          "attributes": {
            "id": "temp-admin-20230827082847041300000001",
            "policy_arn": "arn:aws:iam::382354460930:policy/CoreDeploymentAccountTerraformAdministratorRoleAccess",
            "user": "temp-admin"
          },
          "sensitive_attributes": [],
          "private": "bnVsbA==",
          "dependencies": [
            "aws_iam_user.temp_admin",
            "data.terraform_remote_state.organization"
          ]
        }
      ]
    },
    {
      "mode": "managed",
      "type": "aws_iam_user_policy_attachment",
      "name": "assume_role_terraform_reader",
      "provider": "provider[\"registry.terraform.io/hashicorp/aws\"].assume_deployment",
      "instances": [
        {
          "schema_version": 0,
          "attributes": {
            "id": "temp-admin-20230827082847552900000007",
            "policy_arn": "arn:aws:iam::382354460930:policy/CoreDeploymentAccountTerraformReaderRoleAccess",
            "user": "temp-admin"
          },
          "sensitive_attributes": [],
          "private": "bnVsbA==",
          "dependencies": [
            "aws_iam_user.temp_admin",
            "data.terraform_remote_state.organization"
          ]
        }
      ]
    },
    {
      "mode": "managed",
      "type": "aws_iam_user_policy_attachment",
      "name": "assume_terraform_deploy_role_deployment_account",
      "provider": "provider[\"registry.terraform.io/hashicorp/aws\"].assume_deployment",
      "instances": [
        {
          "schema_version": 0,
          "attributes": {
            "id": "temp-admin-20230827082847599700000008",
            "policy_arn": "arn:aws:iam::382354460930:policy/CoreDeploymentAccountTerraformDeploymentRoleAccess",
            "user": "temp-admin"
          },
          "sensitive_attributes": [],
          "private": "bnVsbA==",
          "dependencies": [
            "aws_iam_user.temp_admin",
            "data.terraform_remote_state.organization"
          ]
        }
      ]
    },
    {
      "mode": "managed",
      "type": "aws_iam_user_policy_attachment",
      "name": "assume_terraform_deploy_role_development_account",
      "provider": "provider[\"registry.terraform.io/hashicorp/aws\"].assume_deployment",
      "instances": [
        {
          "schema_version": 0,
          "attributes": {
            "id": "temp-admin-20230827082847538500000004",
            "policy_arn": "arn:aws:iam::382354460930:policy/CoreDevelopmentAccountTerraformDeploymentRoleAccess",
            "user": "temp-admin"
          },
          "sensitive_attributes": [],
          "private": "bnVsbA==",
          "dependencies": [
            "aws_iam_user.temp_admin",
            "data.terraform_remote_state.organization"
          ]
        }
      ]
    },
    {
      "mode": "managed",
      "type": "aws_iam_user_policy_attachment",
      "name": "assume_terraform_deploy_role_logging_account",
      "provider": "provider[\"registry.terraform.io/hashicorp/aws\"].assume_deployment",
      "instances": [
        {
          "schema_version": 0,
          "attributes": {
            "id": "temp-admin-20230827082847551100000006",
            "policy_arn": "arn:aws:iam::382354460930:policy/CoreLoggingAccountTerraformDeploymentRoleAccess",
            "user": "temp-admin"
          },
          "sensitive_attributes": [],
          "private": "bnVsbA==",
          "dependencies": [
            "aws_iam_user.temp_admin",
            "data.terraform_remote_state.organization"
          ]
        }
      ]
    },
    {
      "mode": "managed",
      "type": "aws_iam_user_policy_attachment",
      "name": "assume_terraform_deploy_role_management_account",
      "provider": "provider[\"registry.terraform.io/hashicorp/aws\"].assume_deployment",
      "instances": [
        {
          "schema_version": 0,
          "attributes": {
            "id": "temp-admin-20230827082847603000000009",
            "policy_arn": "arn:aws:iam::382354460930:policy/ManagementTerraformDeploymentRoleAccess",
            "user": "temp-admin"
          },
          "sensitive_attributes": [],
          "private": "bnVsbA==",
          "dependencies": [
            "aws_iam_user.temp_admin",
            "data.terraform_remote_state.organization"
          ]
        }
      ]
    },
    {
      "mode": "managed",
      "type": "aws_iam_user_policy_attachment",
      "name": "assume_terraform_deploy_role_security_account",
      "provider": "provider[\"registry.terraform.io/hashicorp/aws\"].assume_deployment",
      "instances": [
        {
          "schema_version": 0,
          "attributes": {
            "id": "temp-admin-20230827082847547100000005",
            "policy_arn": "arn:aws:iam::382354460930:policy/CoreSecurityAccountTerraformDeploymentRoleAccess",
            "user": "temp-admin"
          },
          "sensitive_attributes": [],
          "private": "bnVsbA==",
          "dependencies": [
            "aws_iam_user.temp_admin",
            "data.terraform_remote_state.organization"
          ]
        }
      ]
    },
    {
      "mode": "managed",
      "type": "aws_iam_user_policy_attachment",
      "name": "assume_terraform_deploy_role_shared_services_account",
      "provider": "provider[\"registry.terraform.io/hashicorp/aws\"].assume_deployment",
      "instances": [
        {
          "schema_version": 0,
          "attributes": {
            "id": "temp-admin-20230827082847223000000002",
            "policy_arn": "arn:aws:iam::382354460930:policy/CoreSharedServicesAccountTerraformDeploymentRoleAccess",
            "user": "temp-admin"
          },
          "sensitive_attributes": [],
          "private": "bnVsbA==",
          "dependencies": [
            "aws_iam_user.temp_admin",
            "data.terraform_remote_state.organization"
          ]
        }
      ]
    },
    {
      "mode": "managed",
      "type": "aws_iam_user_policy_attachment",
      "name": "code_commit_access",
      "provider": "provider[\"registry.terraform.io/hashicorp/aws\"].assume_deployment",
      "instances": [
        {
          "schema_version": 0,
          "attributes": {
            "id": "temp-admin-20230827082847415300000003",
            "policy_arn": "arn:aws:iam::aws:policy/AWSCodeCommitPowerUser",
            "user": "temp-admin"
          },
          "sensitive_attributes": [],
          "private": "bnVsbA==",
          "dependencies": [
            "aws_iam_user.temp_admin",
            "data.terraform_remote_state.organization"
          ]
        }
      ]
    }
  ],
  "check_results": null
}
